
Microsoft Visual Studio Solution File, Format Version 12.00
# Visual Studio Version 17
VisualStudioVersion = 17.5.002.0
MinimumVisualStudioVersion = 10.0.40219.1
Project("{9A19103F-16F7-4668-BE54-9A1E7A4F7556}") = "FifthExercise", "FifthExercise.csproj", "{964268CE-4606-49B8-B8BA-8275A18AA8D0}"
EndProject
Global
	GlobalSection(SolutionConfigurationPlatforms) = preSolution
		Debug|Any CPU = Debug|Any CPU
		Release|Any CPU = Release|Any CPU
	EndGlobalSection
	GlobalSection(ProjectConfigurationPlatforms) = postSolution
		{964268CE-4606-49B8-B8BA-8275A18AA8D0}.Debug|Any CPU.ActiveCfg = Debug|Any CPU
		{964268CE-4606-49B8-B8BA-8275A18AA8D0}.Debug|Any CPU.Build.0 = Debug|Any CPU
		{964268CE-4606-49B8-B8BA-8275A18AA8D0}.Release|Any CPU.ActiveCfg = Release|Any CPU
		{964268CE-4606-49B8-B8BA-8275A18AA8D0}.Release|Any CPU.Build.0 = Release|Any CPU
	EndGlobalSection
	GlobalSection(SolutionProperties) = preSolution
		HideSolutionNode = FALSE
	EndGlobalSection
	GlobalSection(ExtensibilityGlobals) = postSolution
		SolutionGuid = {73B18C82-89AD-447E-9BA5-7B30DCD453E4}
	EndGlobalSection
EndGlobal
